
Microsoft Visual Studio Solution File, Format Version 12.00
# Visual Studio Version 16
VisualStudioVersion = 16.0.31624.102
MinimumVisualStudioVersion = 10.0.40219.1
Project("{9A19103F-16F7-4668-BE54-9A1E7A4F7556}") = "Optsol.Components.Storage", "src\Optsol.Components.Storage\Optsol.Components.Storage.csproj", "{A2BD013A-B530-4E85-8B9F-3760D0AB8721}"
EndProject
Project("{FAE04EC0-301F-11D3-BF4B-00C04F79EFBC}") = "Optsol.Components.Storage.Test", "test\Optsol.Components.Storage.Test\Optsol.Components.Storage.Test.csproj", "{0DA48C85-6F52-4376-B714-1CA136805736}"
EndProject
Global
	GlobalSection(SolutionConfigurationPlatforms) = preSolution
		Debug|Any CPU = Debug|Any CPU
		Release|Any CPU = Release|Any CPU
	EndGlobalSection
	GlobalSection(ProjectConfigurationPlatforms) = postSolution
		{A2BD013A-B530-4E85-8B9F-3760D0AB8721}.Debug|Any CPU.ActiveCfg = Debug|Any CPU
		{A2BD013A-B530-4E85-8B9F-3760D0AB8721}.Debug|Any CPU.Build.0 = Debug|Any CPU
		{A2BD013A-B530-4E85-8B9F-3760D0AB8721}.Release|Any CPU.ActiveCfg = Release|Any CPU
		{A2BD013A-B530-4E85-8B9F-3760D0AB8721}.Release|Any CPU.Build.0 = Release|Any CPU
		{0DA48C85-6F52-4376-B714-1CA136805736}.Debug|Any CPU.ActiveCfg = Debug|Any CPU
		{0DA48C85-6F52-4376-B714-1CA136805736}.Debug|Any CPU.Build.0 = Debug|Any CPU
		{0DA48C85-6F52-4376-B714-1CA136805736}.Release|Any CPU.ActiveCfg = Release|Any CPU
		{0DA48C85-6F52-4376-B714-1CA136805736}.Release|Any CPU.Build.0 = Release|Any CPU
	EndGlobalSection
	GlobalSection(SolutionProperties) = preSolution
		HideSolutionNode = FALSE
	EndGlobalSection
	GlobalSection(ExtensibilityGlobals) = postSolution
		SolutionGuid = {BF0EF3CD-339B-459B-8C2D-1F9E67C78FBD}
	EndGlobalSection
EndGlobal
